{
  "name": "assets",
  "lockfileVersion": 3,
  "requires": true,
  "packages": {
    "": {
      "dependencies": {
        "wheelnav": "^1.7.1"
      }
    },
    "node_modules/wheelnav": {
      "version": "1.7.1",
      "resolved": "https://registry.npmjs.org/wheelnav/-/wheelnav-1.7.1.tgz",
      "integrity": "sha512-ETCD/A94WVtO6y2Esbo8NK/YPCANcp9PVbNte3t5+/UrZe9BF7An14r8UDM4c94ZvceaEJFsNZKx7IO06DDQIw==",
      "license": "MIT"
    }
  }
}
